
Microsoft Visual Studio Solution File, Format Version 12.00
# Visual Studio Version 17
VisualStudioVersion = 17.6.33815.320
MinimumVisualStudioVersion = 10.0.40219.1
Project("{FAE04EC0-301F-11D3-BF4B-00C04F79EFBC}") = "Lab4_.Net", "Lab4_.Net\Lab4_.Net.csproj", "{97D79F51-2BC0-4CD7-8DFB-46DA5BC47B39}"
EndProject
Global
	GlobalSection(SolutionConfigurationPlatforms) = preSolution
		Debug|Any CPU = Debug|Any CPU
		Release|Any CPU = Release|Any CPU
	EndGlobalSection
	GlobalSection(ProjectConfigurationPlatforms) = postSolution
		{97D79F51-2BC0-4CD7-8DFB-46DA5BC47B39}.Debug|Any CPU.ActiveCfg = Debug|Any CPU
		{97D79F51-2BC0-4CD7-8DFB-46DA5BC47B39}.Debug|Any CPU.Build.0 = Debug|Any CPU
		{97D79F51-2BC0-4CD7-8DFB-46DA5BC47B39}.Release|Any CPU.ActiveCfg = Release|Any CPU
		{97D79F51-2BC0-4CD7-8DFB-46DA5BC47B39}.Release|Any CPU.Build.0 = Release|Any CPU
	EndGlobalSection
	GlobalSection(SolutionProperties) = preSolution
		HideSolutionNode = FALSE
	EndGlobalSection
	GlobalSection(ExtensibilityGlobals) = postSolution
		SolutionGuid = {2ED31723-75D6-415F-8716-B9C591A1B031}
	EndGlobalSection
EndGlobal
